<?xml version="1.0" encoding="UTF-8" standalone="yes" ?>
<CodeBlocks_project_file>
	<FileVersion major="1" minor="6" />
	<Project>
		<Option title="libreScribe++" />
		<Option pch_mode="0" />
		<Option compiler="gcc" />
		<Build>
			<Target title="Debug">
				<Option output="bin/Debug/libreScribe++" prefix_auto="1" extension_auto="1" />
				<Option object_output="obj/Debug/" />
				<Option type="0" />
				<Option compiler="gcc" />
				<Option projectLinkerOptionsRelation="2" />
				<Compiler>
					<Add option="-g" />
				</Compiler>
			</Target>
			<Target title="Release">
				<Option output="bin/Release/libreScribe++" prefix_auto="1" extension_auto="1" />
				<Option object_output="obj/Release/" />
				<Option type="0" />
				<Option compiler="gcc" />
				<Option projectLinkerOptionsRelation="2" />
				<Compiler>
					<Add option="-O2" />
				</Compiler>
				<Linker>
					<Add option="-s" />
				</Linker>
			</Target>
		</Build>
		<Compiler>
			<Add option="-Wall" />
			<Add option="`wx-config --cflags`" />
			<Add option="-Winvalid-pch" />
			<Add option="-include wx_pch.h" />
			<Add option="-DWX_PRECOMP" />
			<Add directory="/usr/lib/glib-2.0/include/" />
			<Add directory="/usr/include/glib-2.0/" />
			<Add directory="/usr/include/libusb-1.0" />
			<Add directory="/usr/include/libxml2" />
		</Compiler>
		<Linker>
			<Add option="`wx-config --libs`" />
			<Add library="libusb" />
			<Add library="glib-2.0" />
			<Add library="openobex" />
			<Add library="libusb-1.0" />
			<Add library="libxml2" />
		</Linker>
		<Unit filename="GUIFrame.cpp" />
		<Unit filename="GUIFrame.h" />
		<Unit filename="WxWizFrame.fbp" />
		<Unit filename="include/smartpen.h" />
		<Unit filename="libreScribe__App.cpp" />
		<Unit filename="libreScribe__App.h" />
		<Unit filename="libreScribe__Main.cpp" />
		<Unit filename="libreScribe__Main.h" />
		<Unit filename="src/smartpen.cpp" />
		<Unit filename="wx_pch.h">
			<Option compile="1" />
			<Option weight="0" />
		</Unit>
		<Extensions>
			<code_completion />
			<envvars />
			<debugger />
			<lib_finder disable_auto="1" />
		</Extensions>
	</Project>
</CodeBlocks_project_file>
